// !$*UTF8*$!
{
	archiveVersion = 1;
	classes = {
	};
	objectVersion = 46;
	objects = {

/* Begin PBXBuildFile section */
		640208271DDA42A600BCA553 /* bullet.cpp in Sources */ = {isa = PBXBuildFile; fileRef = 640208251DDA42A600BCA553 /* bullet.cpp */; };
		6402085C1DDCA27D00BCA553 /* Energy.cpp in Sources */ = {isa = PBXBuildFile; fileRef = 6402085A1DDCA27D00BCA553 /* Energy.cpp */; };
		640208821DDD882300BCA553 /* SDL2_ttf.framework in Frameworks */ = {isa = PBXBuildFile; fileRef = 640208811DDD882300BCA553 /* SDL2_ttf.framework */; };
		6402088F1DDDA97600BCA553 /* EnemeyBullet.cpp in Sources */ = {isa = PBXBuildFile; fileRef = 6402088D1DDDA97600BCA553 /* EnemeyBullet.cpp */; };
		640208941DDF032900BCA553 /* Cannon.cpp in Sources */ = {isa = PBXBuildFile; fileRef = 640208901DDF032900BCA553 /* Cannon.cpp */; };
		640208951DDF032900BCA553 /* Monster.cpp in Sources */ = {isa = PBXBuildFile; fileRef = 640208921DDF032900BCA553 /* Monster.cpp */; };
		640208A71DE30FB800BCA553 /* Bmonster.cpp in Sources */ = {isa = PBXBuildFile; fileRef = 640208A51DE30FB800BCA553 /* Bmonster.cpp */; };
		640208AB1DE3125200BCA553 /* main.cpp in Sources */ = {isa = PBXBuildFile; fileRef = 640208AA1DE3125200BCA553 /* main.cpp */; };
		640208AE1DE3869000BCA553 /* CannonBullet.cpp in Sources */ = {isa = PBXBuildFile; fileRef = 640208AC1DE3869000BCA553 /* CannonBullet.cpp */; };
		7E33B1D41DD8CE7F00927736 /* SDL2_image.framework in Frameworks */ = {isa = PBXBuildFile; fileRef = 7E33B1D21DD8CE7F00927736 /* SDL2_image.framework */; };
		7E33B1D51DD8CE7F00927736 /* SDL2.framework in Frameworks */ = {isa = PBXBuildFile; fileRef = 7E33B1D31DD8CE7F00927736 /* SDL2.framework */; };
		7E4D96D71DD9A29400523CAD /* Yar.cpp in Sources */ = {isa = PBXBuildFile; fileRef = 7E4D96D51DD9A29400523CAD /* Yar.cpp */; };
		7E4D96DB1DD9C20500523CAD /* Egg.cpp in Sources */ = {isa = PBXBuildFile; fileRef = 7E4D96D81DD9A2B800523CAD /* Egg.cpp */; };
/* End PBXBuildFile section */

/* Begin PBXCopyFilesBuildPhase section */
		7E7C0AFE1DD35E9A00B92685 /* CopyFiles */ = {
			isa = PBXCopyFilesBuildPhase;
			buildActionMask = 2147483647;
			dstPath = /usr/share/man/man1/;
			dstSubfolderSpec = 0;
			files = (
			);
			runOnlyForDeploymentPostprocessing = 1;
		};
/* End PBXCopyFilesBuildPhase section */

/* Begin PBXFileReference section */
		640208251DDA42A600BCA553 /* bullet.cpp */ = {isa = PBXFileReference; fileEncoding = 4; lastKnownFileType = sourcecode.cpp.cpp; path = bullet.cpp; sourceTree = SOURCE_ROOT; };
		640208261DDA42A600BCA553 /* bullet.hpp */ = {isa = PBXFileReference; fileEncoding = 4; lastKnownFileType = sourcecode.cpp.h; path = bullet.hpp; sourceTree = SOURCE_ROOT; };
		6402085A1DDCA27D00BCA553 /* Energy.cpp */ = {isa = PBXFileReference; fileEncoding = 4; lastKnownFileType = sourcecode.cpp.cpp; path = Energy.cpp; sourceTree = SOURCE_ROOT; };
		6402085B1DDCA27D00BCA553 /* Energy.hpp */ = {isa = PBXFileReference; fileEncoding = 4; lastKnownFileType = sourcecode.cpp.h; path = Energy.hpp; sourceTree = SOURCE_ROOT; };
		640208811DDD882300BCA553 /* SDL2_ttf.framework */ = {isa = PBXFileReference; lastKnownFileType = wrapper.framework; name = SDL2_ttf.framework; path = ../../../../Library/Frameworks/SDL2_ttf.framework; sourceTree = "<group>"; };
		6402088D1DDDA97600BCA553 /* EnemeyBullet.cpp */ = {isa = PBXFileReference; fileEncoding = 4; lastKnownFileType = sourcecode.cpp.cpp; path = EnemeyBullet.cpp; sourceTree = SOURCE_ROOT; };
		6402088E1DDDA97600BCA553 /* EnemeyBullet.hpp */ = {isa = PBXFileReference; fileEncoding = 4; lastKnownFileType = sourcecode.cpp.h; path = EnemeyBullet.hpp; sourceTree = SOURCE_ROOT; };
		640208901DDF032900BCA553 /* Cannon.cpp */ = {isa = PBXFileReference; fileEncoding = 4; lastKnownFileType = sourcecode.cpp.cpp; path = Cannon.cpp; sourceTree = SOURCE_ROOT; };
		640208911DDF032900BCA553 /* Cannon.hpp */ = {isa = PBXFileReference; fileEncoding = 4; lastKnownFileType = sourcecode.cpp.h; path = Cannon.hpp; sourceTree = SOURCE_ROOT; };
		640208921DDF032900BCA553 /* Monster.cpp */ = {isa = PBXFileReference; fileEncoding = 4; lastKnownFileType = sourcecode.cpp.cpp; path = Monster.cpp; sourceTree = SOURCE_ROOT; };
		640208931DDF032900BCA553 /* Monster.hpp */ = {isa = PBXFileReference; fileEncoding = 4; lastKnownFileType = sourcecode.cpp.h; path = Monster.hpp; sourceTree = SOURCE_ROOT; };
		640208A51DE30FB800BCA553 /* Bmonster.cpp */ = {isa = PBXFileReference; fileEncoding = 4; lastKnownFileType = sourcecode.cpp.cpp; path = Bmonster.cpp; sourceTree = SOURCE_ROOT; };
		640208A61DE30FB800BCA553 /* Bmonster.hpp */ = {isa = PBXFileReference; fileEncoding = 4; lastKnownFileType = sourcecode.cpp.h; path = Bmonster.hpp; sourceTree = SOURCE_ROOT; };
		640208AA1DE3125200BCA553 /* main.cpp */ = {isa = PBXFileReference; fileEncoding = 4; lastKnownFileType = sourcecode.cpp.cpp; path = main.cpp; sourceTree = SOURCE_ROOT; };
		640208AC1DE3869000BCA553 /* CannonBullet.cpp */ = {isa = PBXFileReference; fileEncoding = 4; lastKnownFileType = sourcecode.cpp.cpp; path = CannonBullet.cpp; sourceTree = SOURCE_ROOT; };
		640208AD1DE3869000BCA553 /* CannonBullet.hpp */ = {isa = PBXFileReference; fileEncoding = 4; lastKnownFileType = sourcecode.cpp.h; path = CannonBullet.hpp; sourceTree = SOURCE_ROOT; };
		640208D21DE4A0AB00BCA553 /* 1.tiff */ = {isa = PBXFileReference; lastKnownFileType = image.tiff; path = 1.tiff; sourceTree = SOURCE_ROOT; };
		640208D31DE4A0E400BCA553 /* 2.tiff */ = {isa = PBXFileReference; lastKnownFileType = image.tiff; path = 2.tiff; sourceTree = SOURCE_ROOT; };
		640208D41DE4A0E400BCA553 /* 3.tiff */ = {isa = PBXFileReference; lastKnownFileType = image.tiff; path = 3.tiff; sourceTree = SOURCE_ROOT; };
		640208D51DE4A0E400BCA553 /* 4.tiff */ = {isa = PBXFileReference; lastKnownFileType = image.tiff; path = 4.tiff; sourceTree = SOURCE_ROOT; };
		640208D61DE4A0E400BCA553 /* 5.tiff */ = {isa = PBXFileReference; lastKnownFileType = image.tiff; path = 5.tiff; sourceTree = SOURCE_ROOT; };
		640208D71DE4A0E400BCA553 /* 6.tiff */ = {isa = PBXFileReference; lastKnownFileType = image.tiff; path = 6.tiff; sourceTree = SOURCE_ROOT; };
		640208D81DE4A0E400BCA553 /* 7.tiff */ = {isa = PBXFileReference; lastKnownFileType = image.tiff; path = 7.tiff; sourceTree = SOURCE_ROOT; };
		640208D91DE4A0E400BCA553 /* 8.tiff */ = {isa = PBXFileReference; lastKnownFileType = image.tiff; path = 8.tiff; sourceTree = SOURCE_ROOT; };
		640208DA1DE4A0E400BCA553 /* 9.tiff */ = {isa = PBXFileReference; lastKnownFileType = image.tiff; path = 9.tiff; sourceTree = SOURCE_ROOT; };
		640208DB1DE4A0E400BCA553 /* 10.tiff */ = {isa = PBXFileReference; lastKnownFileType = image.tiff; path = 10.tiff; sourceTree = SOURCE_ROOT; };
		640208DC1DE4A0E400BCA553 /* 11.tiff */ = {isa = PBXFileReference; lastKnownFileType = image.tiff; path = 11.tiff; sourceTree = SOURCE_ROOT; };
		640208DD1DE4A0E400BCA553 /* 12.tiff */ = {isa = PBXFileReference; lastKnownFileType = image.tiff; path = 12.tiff; sourceTree = SOURCE_ROOT; };
		640208DE1DE4A0E400BCA553 /* 13.tiff */ = {isa = PBXFileReference; lastKnownFileType = image.tiff; path = 13.tiff; sourceTree = SOURCE_ROOT; };
		640208DF1DE4A0E400BCA553 /* 14.tiff */ = {isa = PBXFileReference; lastKnownFileType = image.tiff; path = 14.tiff; sourceTree = SOURCE_ROOT; };
		640208E01DE4A0E400BCA553 /* 15.tiff */ = {isa = PBXFileReference; lastKnownFileType = image.tiff; path = 15.tiff; sourceTree = SOURCE_ROOT; };
		640208E11DE4A0E400BCA553 /* 16.tiff */ = {isa = PBXFileReference; lastKnownFileType = image.tiff; path = 16.tiff; sourceTree = SOURCE_ROOT; };
		640208E21DE4A0E400BCA553 /* Bulletc.png */ = {isa = PBXFileReference; lastKnownFileType = image.png; path = Bulletc.png; sourceTree = SOURCE_ROOT; };
		640208E31DE4A0E400BCA553 /* Bulletm.png */ = {isa = PBXFileReference; lastKnownFileType = image.png; path = Bulletm.png; sourceTree = SOURCE_ROOT; };
		640208E41DE4A0E400BCA553 /* Egg.png */ = {isa = PBXFileReference; lastKnownFileType = image.png; path = Egg.png; sourceTree = SOURCE_ROOT; };
		640208E51DE4A0E400BCA553 /* font.ttf */ = {isa = PBXFileReference; lastKnownFileType = file; path = font.ttf; sourceTree = SOURCE_ROOT; };
		640208E61DE4A0E400BCA553 /* Megg.png */ = {isa = PBXFileReference; lastKnownFileType = image.png; path = Megg.png; sourceTree = SOURCE_ROOT; };
		640208E71DE4A0E400BCA553 /* mon.png */ = {isa = PBXFileReference; lastKnownFileType = image.png; path = mon.png; sourceTree = SOURCE_ROOT; };
		640208E81DE4A0E400BCA553 /* Bullet.png */ = {isa = PBXFileReference; lastKnownFileType = image.png; path = Bullet.png; sourceTree = SOURCE_ROOT; };
		640208E91DE4A0E400BCA553 /* cannon.png */ = {isa = PBXFileReference; lastKnownFileType = image.png; path = cannon.png; sourceTree = SOURCE_ROOT; };
		640208EA1DE4A0E400BCA553 /* Energy.png */ = {isa = PBXFileReference; lastKnownFileType = image.png; path = Energy.png; sourceTree = SOURCE_ROOT; };
		640208EB1DE4A0E400BCA553 /* Yar.png */ = {isa = PBXFileReference; lastKnownFileType = image.png; path = Yar.png; sourceTree = SOURCE_ROOT; };
		7E33B1D21DD8CE7F00927736 /* SDL2_image.framework */ = {isa = PBXFileReference; lastKnownFileType = wrapper.framework; name = SDL2_image.framework; path = ../../../../../../Library/Frameworks/SDL2_image.framework; sourceTree = "<group>"; };
		7E33B1D31DD8CE7F00927736 /* SDL2.framework */ = {isa = PBXFileReference; lastKnownFileType = wrapper.framework; name = SDL2.framework; path = ../../../../../../Library/Frameworks/SDL2.framework; sourceTree = "<group>"; };
		7E33B1D61DD8CEDE00927736 /* LTexture.hpp */ = {isa = PBXFileReference; fileEncoding = 4; lastKnownFileType = sourcecode.cpp.h; path = LTexture.hpp; sourceTree = SOURCE_ROOT; };
		7E4D96D51DD9A29400523CAD /* Yar.cpp */ = {isa = PBXFileReference; fileEncoding = 4; lastKnownFileType = sourcecode.cpp.cpp; path = Yar.cpp; sourceTree = SOURCE_ROOT; };
		7E4D96D61DD9A29400523CAD /* Yar.hpp */ = {isa = PBXFileReference; fileEncoding = 4; lastKnownFileType = sourcecode.cpp.h; path = Yar.hpp; sourceTree = SOURCE_ROOT; };
		7E4D96D81DD9A2B800523CAD /* Egg.cpp */ = {isa = PBXFileReference; fileEncoding = 4; lastKnownFileType = sourcecode.cpp.cpp; path = Egg.cpp; sourceTree = SOURCE_ROOT; };
		7E4D96D91DD9A2B800523CAD /* Egg.hpp */ = {isa = PBXFileReference; fileEncoding = 4; lastKnownFileType = sourcecode.cpp.h; path = Egg.hpp; sourceTree = SOURCE_ROOT; };
		7E7C0B001DD35E9A00B92685 /* revenge */ = {isa = PBXFileReference; explicitFileType = "compiled.mach-o.executable"; includeInIndex = 0; path = revenge; sourceTree = BUILT_PRODUCTS_DIR; };
/* End PBXFileReference section */

/* Begin PBXFrameworksBuildPhase section */
		7E7C0AFD1DD35E9A00B92685 /* Frameworks */ = {
			isa = PBXFrameworksBuildPhase;
			buildActionMask = 2147483647;
			files = (
				640208821DDD882300BCA553 /* SDL2_ttf.framework in Frameworks */,
				7E33B1D41DD8CE7F00927736 /* SDL2_image.framework in Frameworks */,
				7E33B1D51DD8CE7F00927736 /* SDL2.framework in Frameworks */,
			);
			runOnlyForDeploymentPostprocessing = 0;
		};
/* End PBXFrameworksBuildPhase section */

/* Begin PBXGroup section */
		7E33B1D11DD8CE7F00927736 /* Frameworks */ = {
			isa = PBXGroup;
			children = (
				640208811DDD882300BCA553 /* SDL2_ttf.framework */,
				7E33B1D21DD8CE7F00927736 /* SDL2_image.framework */,
				7E33B1D31DD8CE7F00927736 /* SDL2.framework */,
			);
			name = Frameworks;
			sourceTree = "<group>";
		};
		7E7C0AF71DD35E9A00B92685 = {
			isa = PBXGroup;
			children = (
				7E7C0B021DD35E9A00B92685 /* revenge */,
				7E7C0B011DD35E9A00B92685 /* Products */,
				7E33B1D11DD8CE7F00927736 /* Frameworks */,
			);
			sourceTree = "<group>";
		};
		7E7C0B011DD35E9A00B92685 /* Products */ = {
			isa = PBXGroup;
			children = (
				7E7C0B001DD35E9A00B92685 /* revenge */,
			);
			name = Products;
			sourceTree = "<group>";
		};
		7E7C0B021DD35E9A00B92685 /* revenge */ = {
			isa = PBXGroup;
			children = (
				640208AA1DE3125200BCA553 /* main.cpp */,
				640208D21DE4A0AB00BCA553 /* 1.tiff */,
				640208901DDF032900BCA553 /* Cannon.cpp */,
				640208D31DE4A0E400BCA553 /* 2.tiff */,
				640208D41DE4A0E400BCA553 /* 3.tiff */,
				640208D51DE4A0E400BCA553 /* 4.tiff */,
				640208D61DE4A0E400BCA553 /* 5.tiff */,
				640208D71DE4A0E400BCA553 /* 6.tiff */,
				640208D81DE4A0E400BCA553 /* 7.tiff */,
				640208D91DE4A0E400BCA553 /* 8.tiff */,
				640208DA1DE4A0E400BCA553 /* 9.tiff */,
				640208DB1DE4A0E400BCA553 /* 10.tiff */,
				640208DC1DE4A0E400BCA553 /* 11.tiff */,
				640208DD1DE4A0E400BCA553 /* 12.tiff */,
				640208DE1DE4A0E400BCA553 /* 13.tiff */,
				640208DF1DE4A0E400BCA553 /* 14.tiff */,
				640208E01DE4A0E400BCA553 /* 15.tiff */,
				640208E11DE4A0E400BCA553 /* 16.tiff */,
				640208E21DE4A0E400BCA553 /* Bulletc.png */,
				640208E31DE4A0E400BCA553 /* Bulletm.png */,
				640208E41DE4A0E400BCA553 /* Egg.png */,
				640208E51DE4A0E400BCA553 /* font.ttf */,
				640208E61DE4A0E400BCA553 /* Megg.png */,
				640208E71DE4A0E400BCA553 /* mon.png */,
				640208E81DE4A0E400BCA553 /* Bullet.png */,
				640208E91DE4A0E400BCA553 /* cannon.png */,
				640208EA1DE4A0E400BCA553 /* Energy.png */,
				640208EB1DE4A0E400BCA553 /* Yar.png */,
				640208911DDF032900BCA553 /* Cannon.hpp */,
				640208921DDF032900BCA553 /* Monster.cpp */,
				640208931DDF032900BCA553 /* Monster.hpp */,
				640208251DDA42A600BCA553 /* bullet.cpp */,
				640208261DDA42A600BCA553 /* bullet.hpp */,
				7E4D96D51DD9A29400523CAD /* Yar.cpp */,
				7E4D96D81DD9A2B800523CAD /* Egg.cpp */,
				7E4D96D91DD9A2B800523CAD /* Egg.hpp */,
				6402085A1DDCA27D00BCA553 /* Energy.cpp */,
				6402085B1DDCA27D00BCA553 /* Energy.hpp */,
				7E4D96D61DD9A29400523CAD /* Yar.hpp */,
				7E33B1D61DD8CEDE00927736 /* LTexture.hpp */,
				6402088D1DDDA97600BCA553 /* EnemeyBullet.cpp */,
				6402088E1DDDA97600BCA553 /* EnemeyBullet.hpp */,
				640208A51DE30FB800BCA553 /* Bmonster.cpp */,
				640208A61DE30FB800BCA553 /* Bmonster.hpp */,
				640208AC1DE3869000BCA553 /* CannonBullet.cpp */,
				640208AD1DE3869000BCA553 /* CannonBullet.hpp */,
			);
			path = revenge;
			sourceTree = "<group>";
		};
/* End PBXGroup section */

/* Begin PBXNativeTarget section */
		7E7C0AFF1DD35E9A00B92685 /* revenge */ = {
			isa = PBXNativeTarget;
			buildConfigurationList = 7E7C0B071DD35E9A00B92685 /* Build configuration list for PBXNativeTarget "revenge" */;
			buildPhases = (
				7E7C0AFC1DD35E9A00B92685 /* Sources */,
				7E7C0AFD1DD35E9A00B92685 /* Frameworks */,
				7E7C0AFE1DD35E9A00B92685 /* CopyFiles */,
			);
			buildRules = (
			);
			dependencies = (
			);
			name = revenge;
			productName = revenge;
			productReference = 7E7C0B001DD35E9A00B92685 /* revenge */;
			productType = "com.apple.product-type.tool";
		};
/* End PBXNativeTarget section */

/* Begin PBXProject section */
		7E7C0AF81DD35E9A00B92685 /* Project object */ = {
			isa = PBXProject;
			attributes = {
				LastUpgradeCheck = 0810;
				ORGANIZATIONNAME = "Waleed Al-Haddad";
				TargetAttributes = {
					7E7C0AFF1DD35E9A00B92685 = {
						CreatedOnToolsVersion = 8.1;
						DevelopmentTeam = 3248XETZ95;
						ProvisioningStyle = Automatic;
					};
				};
			};
			buildConfigurationList = 7E7C0AFB1DD35E9A00B92685 /* Build configuration list for PBXProject "revenge" */;
			compatibilityVersion = "Xcode 3.2";
			developmentRegion = English;
			hasScannedForEncodings = 0;
			knownRegions = (
				en,
			);
			mainGroup = 7E7C0AF71DD35E9A00B92685;
			productRefGroup = 7E7C0B011DD35E9A00B92685 /* Products */;
			projectDirPath = "";
			projectRoot = "";
			targets = (
				7E7C0AFF1DD35E9A00B92685 /* revenge */,
			);
		};
/* End PBXProject section */

/* Begin PBXSourcesBuildPhase section */
		7E7C0AFC1DD35E9A00B92685 /* Sources */ = {
			isa = PBXSourcesBuildPhase;
			buildActionMask = 2147483647;
			files = (
				7E4D96DB1DD9C20500523CAD /* Egg.cpp in Sources */,
				7E4D96D71DD9A29400523CAD /* Yar.cpp in Sources */,
				6402088F1DDDA97600BCA553 /* EnemeyBullet.cpp in Sources */,
				6402085C1DDCA27D00BCA553 /* Energy.cpp in Sources */,
				640208AE1DE3869000BCA553 /* CannonBullet.cpp in Sources */,
				640208951DDF032900BCA553 /* Monster.cpp in Sources */,
				640208941DDF032900BCA553 /* Cannon.cpp in Sources */,
				640208A71DE30FB800BCA553 /* Bmonster.cpp in Sources */,
				640208AB1DE3125200BCA553 /* main.cpp in Sources */,
				640208271DDA42A600BCA553 /* bullet.cpp in Sources */,
			);
			runOnlyForDeploymentPostprocessing = 0;
		};
/* End PBXSourcesBuildPhase section */

/* Begin XCBuildConfiguration section */
		7E7C0B051DD35E9A00B92685 /* Debug */ = {
			isa = XCBuildConfiguration;
			buildSettings = {
				ALWAYS_SEARCH_USER_PATHS = NO;
				CLANG_ANALYZER_NONNULL = YES;
				CLANG_CXX_LANGUAGE_STANDARD = "gnu++0x";
				CLANG_CXX_LIBRARY = "libc++";
				CLANG_ENABLE_MODULES = YES;
				CLANG_ENABLE_OBJC_ARC = YES;
				CLANG_WARN_BOOL_CONVERSION = YES;
				CLANG_WARN_CONSTANT_CONVERSION = YES;
				CLANG_WARN_DIRECT_OBJC_ISA_USAGE = YES_ERROR;
				CLANG_WARN_DOCUMENTATION_COMMENTS = YES;
				CLANG_WARN_EMPTY_BODY = YES;
				CLANG_WARN_ENUM_CONVERSION = YES;
				CLANG_WARN_INFINITE_RECURSION = YES;
				CLANG_WARN_INT_CONVERSION = YES;
				CLANG_WARN_OBJC_ROOT_CLASS = YES_ERROR;
				CLANG_WARN_SUSPICIOUS_MOVES = YES;
				CLANG_WARN_UNREACHABLE_CODE = YES;
				CLANG_WARN__DUPLICATE_METHOD_MATCH = YES;
				CODE_SIGN_IDENTITY = "-";
				COPY_PHASE_STRIP = NO;
				DEBUG_INFORMATION_FORMAT = dwarf;
				ENABLE_STRICT_OBJC_MSGSEND = YES;
				ENABLE_TESTABILITY = YES;
				GCC_C_LANGUAGE_STANDARD = gnu99;
				GCC_DYNAMIC_NO_PIC = NO;
				GCC_NO_COMMON_BLOCKS = YES;
				GCC_OPTIMIZATION_LEVEL = 0;
				GCC_PREPROCESSOR_DEFINITIONS = (
					"DEBUG=1",
					"$(inherited)",
				);
				GCC_WARN_64_TO_32_BIT_CONVERSION = YES;
				GCC_WARN_ABOUT_RETURN_TYPE = YES_ERROR;
				GCC_WARN_UNDECLARED_SELECTOR = YES;
				GCC_WARN_UNINITIALIZED_AUTOS = YES_AGGRESSIVE;
				GCC_WARN_UNUSED_FUNCTION = YES;
				GCC_WARN_UNUSED_VARIABLE = YES;
				MACOSX_DEPLOYMENT_TARGET = 10.12;
				MTL_ENABLE_DEBUG_INFO = YES;
				ONLY_ACTIVE_ARCH = YES;
				SDKROOT = macosx;
			};
			name = Debug;
		};
		7E7C0B061DD35E9A00B92685 /* Release */ = {
			isa = XCBuildConfiguration;
			buildSettings = {
				ALWAYS_SEARCH_USER_PATHS = NO;
				CLANG_ANALYZER_NONNULL = YES;
				CLANG_CXX_LANGUAGE_STANDARD = "gnu++0x";
				CLANG_CXX_LIBRARY = "libc++";
				CLANG_ENABLE_MODULES = YES;
				CLANG_ENABLE_OBJC_ARC = YES;
				CLANG_WARN_BOOL_CONVERSION = YES;
				CLANG_WARN_CONSTANT_CONVERSION = YES;
				CLANG_WARN_DIRECT_OBJC_ISA_USAGE = YES_ERROR;
				CLANG_WARN_DOCUMENTATION_COMMENTS = YES;
				CLANG_WARN_EMPTY_BODY = YES;
				CLANG_WARN_ENUM_CONVERSION = YES;
				CLANG_WARN_INFINITE_RECURSION = YES;
				CLANG_WARN_INT_CONVERSION = YES;
				CLANG_WARN_OBJC_ROOT_CLASS = YES_ERROR;
				CLANG_WARN_SUSPICIOUS_MOVES = YES;
				CLANG_WARN_UNREACHABLE_CODE = YES;
				CLANG_WARN__DUPLICATE_METHOD_MATCH = YES;
				CODE_SIGN_IDENTITY = "-";
				COPY_PHASE_STRIP = NO;
				DEBUG_INFORMATION_FORMAT = "dwarf-with-dsym";
				ENABLE_NS_ASSERTIONS = NO;
				ENABLE_STRICT_OBJC_MSGSEND = YES;
				GCC_C_LANGUAGE_STANDARD = gnu99;
				GCC_NO_COMMON_BLOCKS = YES;
				GCC_WARN_64_TO_32_BIT_CONVERSION = YES;
				GCC_WARN_ABOUT_RETURN_TYPE = YES_ERROR;
				GCC_WARN_UNDECLARED_SELECTOR = YES;
				GCC_WARN_UNINITIALIZED_AUTOS = YES_AGGRESSIVE;
				GCC_WARN_UNUSED_FUNCTION = YES;
				GCC_WARN_UNUSED_VARIABLE = YES;
				MACOSX_DEPLOYMENT_TARGET = 10.12;
				MTL_ENABLE_DEBUG_INFO = NO;
				SDKROOT = macosx;
			};
			name = Release;
		};
		7E7C0B081DD35E9A00B92685 /* Debug */ = {
			isa = XCBuildConfiguration;
			buildSettings = {
				ALWAYS_SEARCH_USER_PATHS = NO;
				DEVELOPMENT_TEAM = 3248XETZ95;
				FRAMEWORK_SEARCH_PATHS = (
					"$(inherited)",
					"$(LOCAL_LIBRARY_DIR)/Frameworks",
				);
				"FRAMEWORK_SEARCH_PATHS[arch=*]" = " /Library/Frameworks";
				GCC_NO_COMMON_BLOCKS = YES;
				PRODUCT_NAME = "$(TARGET_NAME)";
			};
			name = Debug;
		};
		7E7C0B091DD35E9A00B92685 /* Release */ = {
			isa = XCBuildConfiguration;
			buildSettings = {
				ALWAYS_SEARCH_USER_PATHS = NO;
				DEVELOPMENT_TEAM = 3248XETZ95;
				FRAMEWORK_SEARCH_PATHS = (
					"$(inherited)",
					"$(LOCAL_LIBRARY_DIR)/Frameworks",
				);
				"FRAMEWORK_SEARCH_PATHS[arch=*]" = " /Library/Frameworks";
				GCC_NO_COMMON_BLOCKS = YES;
				PRODUCT_NAME = "$(TARGET_NAME)";
			};
			name = Release;
		};
/* End XCBuildConfiguration section */

/* Begin XCConfigurationList section */
		7E7C0AFB1DD35E9A00B92685 /* Build configuration list for PBXProject "revenge" */ = {
			isa = XCConfigurationList;
			buildConfigurations = (
				7E7C0B051DD35E9A00B92685 /* Debug */,
				7E7C0B061DD35E9A00B92685 /* Release */,
			);
			defaultConfigurationIsVisible = 0;
			defaultConfigurationName = Release;
		};
		7E7C0B071DD35E9A00B92685 /* Build configuration list for PBXNativeTarget "revenge" */ = {
			isa = XCConfigurationList;
			buildConfigurations = (
				7E7C0B081DD35E9A00B92685 /* Debug */,
				7E7C0B091DD35E9A00B92685 /* Release */,
			);
			defaultConfigurationIsVisible = 0;
			defaultConfigurationName = Release;
		};
/* End XCConfigurationList section */
	};
	rootObject = 7E7C0AF81DD35E9A00B92685 /* Project object */;
}
